{
  "version": 4,
  "terraform_version": "1.6.4",
  "serial": 35,
  "lineage": "7dd54713-ab2c-7279-c350-854d9f275b16",
  "outputs": {},
  "resources": [
    {
      "mode": "managed",
      "type": "google_compute_global_address",
      "name": "website_ip",
      "provider": "provider[\"registry.terraform.io/hashicorp/google\"]",
      "instances": [
        {
          "schema_version": 0,
          "attributes": {
            "address": "35.241.22.154",
            "address_type": "EXTERNAL",
            "creation_timestamp": "2023-11-20T12:20:32.039-08:00",
            "description": "",
            "id": "projects/secure-outrider-404016/global/addresses/website-lb-ip",
            "ip_version": "",
            "name": "website-lb-ip",
            "network": "",
            "prefix_length": 0,
            "project": "secure-outrider-404016",
            "purpose": "",
            "self_link": "https://www.googleapis.com/compute/v1/projects/secure-outrider-404016/global/addresses/website-lb-ip",
            "timeouts": null
          },
          "sensitive_attributes": [],
          "private": "eyJlMmJmYjczMC1lY2FhLTExZTYtOGY4OC0zNDM2M2JjN2M0YzAiOnsiY3JlYXRlIjoxMjAwMDAwMDAwMDAwLCJkZWxldGUiOjEyMDAwMDAwMDAwMDB9fQ=="
        }
      ]
    },
    {
      "mode": "managed",
      "type": "google_storage_bucket",
      "name": "website",
      "provider": "provider[\"registry.terraform.io/hashicorp/google\"]",
      "instances": [
        {
          "schema_version": 1,
          "attributes": {
            "autoclass": [],
            "cors": [],
            "custom_placement_config": [],
            "default_event_based_hold": false,
            "effective_labels": {},
            "enable_object_retention": false,
            "encryption": [],
            "force_destroy": false,
            "id": "mycloudresume-terraform",
            "labels": {},
            "lifecycle_rule": [],
            "location": "ASIA",
            "logging": [],
            "name": "mycloudresume-terraform",
            "project": "secure-outrider-404016",
            "public_access_prevention": "inherited",
            "requester_pays": false,
            "retention_policy": [],
            "self_link": "https://www.googleapis.com/storage/v1/b/mycloudresume-terraform",
            "storage_class": "STANDARD",
            "terraform_labels": {},
            "timeouts": null,
            "uniform_bucket_level_access": false,
            "url": "gs://mycloudresume-terraform",
            "versioning": [],
            "website": []
          },
          "sensitive_attributes": [],
          "private": "eyJlMmJmYjczMC1lY2FhLTExZTYtOGY4OC0zNDM2M2JjN2M0YzAiOnsiY3JlYXRlIjo2MDAwMDAwMDAwMDAsInJlYWQiOjI0MDAwMDAwMDAwMCwidXBkYXRlIjoyNDAwMDAwMDAwMDB9LCJzY2hlbWFfdmVyc2lvbiI6IjEifQ=="
        }
      ]
    }
  ],
  "check_results": null
}
